{
  "object": {
    "pins": [
      {
        "package": "Algebra",
        "repositoryURL": "https://github.com/typelift/Algebra.git",
        "state": {
          "branch": null,
          "revision": "e81a20aa543dd0847897b57073a3f939c2124375",
          "version": "0.2.0"
        }
      },
      {
        "package": "DoctorPretty",
        "repositoryURL": "https://github.com/bkase/DoctorPretty.git",
        "state": {
          "branch": null,
          "revision": "d481eee167a362f005fc2555630a2da452198542",
          "version": "0.5.0"
        }
      },
      {
        "package": "FileCheck",
        "repositoryURL": "https://github.com/llvm-swift/FileCheck.git",
        "state": {
          "branch": null,
          "revision": "89b8480055f9adf8ce2f9ad5e2fac7ac1076242e",
          "version": "0.0.8"
        }
      },
      {
        "package": "Operadics",
        "repositoryURL": "https://github.com/typelift/Operadics.git",
        "state": {
          "branch": null,
          "revision": "ef9c00e70ac4e5fba046f4eae3bd4e4e8f058648",
          "version": "0.4.0"
        }
      },
      {
        "package": "SwiftCheck",
        "repositoryURL": "https://github.com/typelift/SwiftCheck.git",
        "state": {
          "branch": null,
          "revision": "df82fb889864945c64458f38846702af729b3ee4",
          "version": "0.9.1"
        }
      },
      {
        "package": "Swiftx",
        "repositoryURL": "https://github.com/typelift/Swiftx.git",
        "state": {
          "branch": null,
          "revision": "140f1510ecb8597970c58c5a41a32bda72310d31",
          "version": "0.6.0"
        }
      },
      {
        "package": "Swiftz",
        "repositoryURL": "https://github.com/typelift/Swiftz.git",
        "state": {
          "branch": null,
          "revision": "973ff0f61c424e9296fd45c2bff5e5e7582fd8fa",
          "version": "0.7.0"
        }
      }
    ]
  },
  "version": 1
}
